
Microsoft Visual Studio Solution File, Format Version 12.00
# Visual Studio 15
VisualStudioVersion = 15.0.26730.12
MinimumVisualStudioVersion = 10.0.40219.1
Project("{FAE04EC0-301F-11D3-BF4B-00C04F79EFBC}") = "Bank-objects", "Bank-objects\Bank-objects.csproj", "{74852166-E703-44F0-B3CE-FD38C2BCEF3C}"
EndProject
Global
	GlobalSection(SolutionConfigurationPlatforms) = preSolution
		Debug|Any CPU = Debug|Any CPU
		Release|Any CPU = Release|Any CPU
	EndGlobalSection
	GlobalSection(ProjectConfigurationPlatforms) = postSolution
		{74852166-E703-44F0-B3CE-FD38C2BCEF3C}.Debug|Any CPU.ActiveCfg = Debug|Any CPU
		{74852166-E703-44F0-B3CE-FD38C2BCEF3C}.Debug|Any CPU.Build.0 = Debug|Any CPU
		{74852166-E703-44F0-B3CE-FD38C2BCEF3C}.Release|Any CPU.ActiveCfg = Release|Any CPU
		{74852166-E703-44F0-B3CE-FD38C2BCEF3C}.Release|Any CPU.Build.0 = Release|Any CPU
	EndGlobalSection
	GlobalSection(SolutionProperties) = preSolution
		HideSolutionNode = FALSE
	EndGlobalSection
	GlobalSection(ExtensibilityGlobals) = postSolution
		SolutionGuid = {1C57C24C-9B26-4B72-8AB7-09E95B0126FD}
	EndGlobalSection
EndGlobal
